
Microsoft Visual Studio Solution File, Format Version 12.00
# Visual Studio 2012
Project("{8BC9CEB8-8B4A-11D0-8D11-00A0C91BC942}") = "mymine", "mymine\mymine.vcxproj", "{B6D27A24-DEED-44B5-982A-B816A31DCFFD}"
EndProject
Global
	GlobalSection(SolutionConfigurationPlatforms) = preSolution
		Debug|Win32 = Debug|Win32
		Release|Win32 = Release|Win32
	EndGlobalSection
	GlobalSection(ProjectConfigurationPlatforms) = postSolution
		{B6D27A24-DEED-44B5-982A-B816A31DCFFD}.Debug|Win32.ActiveCfg = Debug|Win32
		{B6D27A24-DEED-44B5-982A-B816A31DCFFD}.Debug|Win32.Build.0 = Debug|Win32
		{B6D27A24-DEED-44B5-982A-B816A31DCFFD}.Release|Win32.ActiveCfg = Release|Win32
		{B6D27A24-DEED-44B5-982A-B816A31DCFFD}.Release|Win32.Build.0 = Release|Win32
	EndGlobalSection
	GlobalSection(SolutionProperties) = preSolution
		HideSolutionNode = FALSE
	EndGlobalSection
EndGlobal
